// !$*UTF8*$!
{
	archiveVersion = 1;
	classes = {
	};
	objectVersion = 77;
	objects = {

/* Begin PBXBuildFile section */
		26483B8D2D966CD6007E01D1 /* OpenGL.framework in Frameworks */ = {isa = PBXBuildFile; fileRef = 26483B822D9668C6007E01D1 /* OpenGL.framework */; };
		26483B942D98F259007E01D1 /* glad.c in Sources */ = {isa = PBXBuildFile; fileRef = 26483B932D98F259007E01D1 /* glad.c */; };
		26483B962D996D59007E01D1 /* libglfw3.a in Frameworks */ = {isa = PBXBuildFile; fileRef = 26483B952D996D59007E01D1 /* libglfw3.a */; };
		26483B982D996DF0007E01D1 /* IOKit.framework in Frameworks */ = {isa = PBXBuildFile; fileRef = 26483B972D996DF0007E01D1 /* IOKit.framework */; };
		26483B9C2D996E0B007E01D1 /* CoreVideo.framework in Frameworks */ = {isa = PBXBuildFile; fileRef = 26483B9B2D996E0B007E01D1 /* CoreVideo.framework */; };
		26BA68DF2D9B8C1A00FFB839 /* Cocoa.framework in Frameworks */ = {isa = PBXBuildFile; fileRef = 26BA68DE2D9B8C1A00FFB839 /* Cocoa.framework */; };
/* End PBXBuildFile section */

/* Begin PBXCopyFilesBuildPhase section */
		26483B752D966816007E01D1 /* CopyFiles */ = {
			isa = PBXCopyFilesBuildPhase;
			buildActionMask = 2147483647;
			dstPath = /usr/share/man/man1/;
			dstSubfolderSpec = 0;
			files = (
			);
			runOnlyForDeploymentPostprocessing = 1;
		};
/* End PBXCopyFilesBuildPhase section */

/* Begin PBXFileReference section */
		26483B772D966816007E01D1 /* MyOpenGL */ = {isa = PBXFileReference; explicitFileType = "compiled.mach-o.executable"; includeInIndex = 0; path = MyOpenGL; sourceTree = BUILT_PRODUCTS_DIR; };
		26483B822D9668C6007E01D1 /* OpenGL.framework */ = {isa = PBXFileReference; lastKnownFileType = wrapper.framework; name = OpenGL.framework; path = System/Library/Frameworks/OpenGL.framework; sourceTree = SDKROOT; };
		26483B932D98F259007E01D1 /* glad.c */ = {isa = PBXFileReference; lastKnownFileType = sourcecode.c.c; name = glad.c; path = glad/src/glad.c; sourceTree = "<group>"; };
		26483B952D996D59007E01D1 /* libglfw3.a */ = {isa = PBXFileReference; lastKnownFileType = archive.ar; name = libglfw3.a; path = ../../../../../opt/homebrew/Cellar/glfw/3.4/lib/libglfw3.a; sourceTree = "<group>"; };
		26483B972D996DF0007E01D1 /* IOKit.framework */ = {isa = PBXFileReference; lastKnownFileType = wrapper.framework; name = IOKit.framework; path = System/Library/Frameworks/IOKit.framework; sourceTree = SDKROOT; };
		26483B9B2D996E0B007E01D1 /* CoreVideo.framework */ = {isa = PBXFileReference; lastKnownFileType = wrapper.framework; name = CoreVideo.framework; path = System/Library/Frameworks/CoreVideo.framework; sourceTree = SDKROOT; };
		26BA68DE2D9B8C1A00FFB839 /* Cocoa.framework */ = {isa = PBXFileReference; lastKnownFileType = wrapper.framework; name = Cocoa.framework; path = System/Library/Frameworks/Cocoa.framework; sourceTree = SDKROOT; };
/* End PBXFileReference section */

/* Begin PBXFileSystemSynchronizedBuildFileExceptionSet section */
		26483BA12D997700007E01D1 /* Exceptions for "MyOpenGL" folder in "MyOpenGL" target */ = {
			isa = PBXFileSystemSynchronizedBuildFileExceptionSet;
			membershipExceptions = (
				src/HelloTriangle.cpp,
				src/HelloTriangleEBO.cpp,
				src/HelloTrianglePrc1.cpp,
				src/HelloTrianglePrc2.cpp,
				src/HelloTrianglePrc3.cpp,
				src/main.cpp,
				src/Shaders.cpp,
			);
			target = 26483B762D966816007E01D1 /* MyOpenGL */;
		};
		26BA68EB2D9BA5A300FFB839 /* Exceptions for "include" folder in "MyOpenGL" target */ = {
			isa = PBXFileSystemSynchronizedBuildFileExceptionSet;
			membershipExceptions = (
				Shader.h,
			);
			target = 26483B762D966816007E01D1 /* MyOpenGL */;
		};
/* End PBXFileSystemSynchronizedBuildFileExceptionSet section */

/* Begin PBXFileSystemSynchronizedRootGroup section */
		26483B792D966816007E01D1 /* MyOpenGL */ = {
			isa = PBXFileSystemSynchronizedRootGroup;
			exceptions = (
				26483BA12D997700007E01D1 /* Exceptions for "MyOpenGL" folder in "MyOpenGL" target */,
			);
			path = MyOpenGL;
			sourceTree = "<group>";
		};
		26BA68E62D9BA25700FFB839 /* resources */ = {
			isa = PBXFileSystemSynchronizedRootGroup;
			path = resources;
			sourceTree = "<group>";
		};
		26BA68E72D9BA25B00FFB839 /* include */ = {
			isa = PBXFileSystemSynchronizedRootGroup;
			exceptions = (
				26BA68EB2D9BA5A300FFB839 /* Exceptions for "include" folder in "MyOpenGL" target */,
			);
			path = include;
			sourceTree = "<group>";
		};
/* End PBXFileSystemSynchronizedRootGroup section */

/* Begin PBXFrameworksBuildPhase section */
		26483B8C2D966CCA007E01D1 /* Frameworks */ = {
			isa = PBXFrameworksBuildPhase;
			buildActionMask = 2147483647;
			files = (
				26BA68DF2D9B8C1A00FFB839 /* Cocoa.framework in Frameworks */,
				26483B8D2D966CD6007E01D1 /* OpenGL.framework in Frameworks */,
				26483B9C2D996E0B007E01D1 /* CoreVideo.framework in Frameworks */,
				26483B982D996DF0007E01D1 /* IOKit.framework in Frameworks */,
				26483B962D996D59007E01D1 /* libglfw3.a in Frameworks */,
			);
			runOnlyForDeploymentPostprocessing = 0;
		};
/* End PBXFrameworksBuildPhase section */

/* Begin PBXGroup section */
		26483B6E2D966816007E01D1 = {
			isa = PBXGroup;
			children = (
				26483B932D98F259007E01D1 /* glad.c */,
				26BA68E72D9BA25B00FFB839 /* include */,
				26BA68E62D9BA25700FFB839 /* resources */,
				26483B792D966816007E01D1 /* MyOpenGL */,
				26483B812D9668C6007E01D1 /* Frameworks */,
				26483B782D966816007E01D1 /* Products */,
			);
			sourceTree = "<group>";
		};
		26483B782D966816007E01D1 /* Products */ = {
			isa = PBXGroup;
			children = (
				26483B772D966816007E01D1 /* MyOpenGL */,
			);
			name = Products;
			sourceTree = "<group>";
		};
		26483B812D9668C6007E01D1 /* Frameworks */ = {
			isa = PBXGroup;
			children = (
				26BA68DE2D9B8C1A00FFB839 /* Cocoa.framework */,
				26483B9B2D996E0B007E01D1 /* CoreVideo.framework */,
				26483B972D996DF0007E01D1 /* IOKit.framework */,
				26483B822D9668C6007E01D1 /* OpenGL.framework */,
				26483B952D996D59007E01D1 /* libglfw3.a */,
			);
			name = Frameworks;
			sourceTree = "<group>";
		};
/* End PBXGroup section */

/* Begin PBXHeadersBuildPhase section */
		26483B922D98F223007E01D1 /* Headers */ = {
			isa = PBXHeadersBuildPhase;
			buildActionMask = 2147483647;
			files = (
			);
			runOnlyForDeploymentPostprocessing = 0;
		};
/* End PBXHeadersBuildPhase section */

/* Begin PBXNativeTarget section */
		26483B762D966816007E01D1 /* MyOpenGL */ = {
			isa = PBXNativeTarget;
			buildConfigurationList = 26483B7E2D966816007E01D1 /* Build configuration list for PBXNativeTarget "MyOpenGL" */;
			buildPhases = (
				26483B922D98F223007E01D1 /* Headers */,
				26483B732D966816007E01D1 /* Sources */,
				26483B752D966816007E01D1 /* CopyFiles */,
				26483B8C2D966CCA007E01D1 /* Frameworks */,
			);
			buildRules = (
			);
			dependencies = (
			);
			fileSystemSynchronizedGroups = (
				26483B792D966816007E01D1 /* MyOpenGL */,
				26BA68E62D9BA25700FFB839 /* resources */,
				26BA68E72D9BA25B00FFB839 /* include */,
			);
			name = MyOpenGL;
			packageProductDependencies = (
			);
			productName = MyOpenGL;
			productReference = 26483B772D966816007E01D1 /* MyOpenGL */;
			productType = "com.apple.product-type.tool";
		};
/* End PBXNativeTarget section */

/* Begin PBXProject section */
		26483B6F2D966816007E01D1 /* Project object */ = {
			isa = PBXProject;
			attributes = {
				BuildIndependentTargetsInParallel = 1;
				LastUpgradeCheck = 1620;
				TargetAttributes = {
					26483B762D966816007E01D1 = {
						CreatedOnToolsVersion = 16.2;
					};
				};
			};
			buildConfigurationList = 26483B722D966816007E01D1 /* Build configuration list for PBXProject "MyOpenGL" */;
			developmentRegion = en;
			hasScannedForEncodings = 0;
			knownRegions = (
				en,
				Base,
			);
			mainGroup = 26483B6E2D966816007E01D1;
			minimizedProjectReferenceProxies = 1;
			preferredProjectObjectVersion = 77;
			productRefGroup = 26483B782D966816007E01D1 /* Products */;
			projectDirPath = "";
			projectRoot = "";
			targets = (
				26483B762D966816007E01D1 /* MyOpenGL */,
			);
		};
/* End PBXProject section */

/* Begin PBXSourcesBuildPhase section */
		26483B732D966816007E01D1 /* Sources */ = {
			isa = PBXSourcesBuildPhase;
			buildActionMask = 2147483647;
			files = (
				26483B942D98F259007E01D1 /* glad.c in Sources */,
			);
			runOnlyForDeploymentPostprocessing = 0;
		};
/* End PBXSourcesBuildPhase section */

/* Begin XCBuildConfiguration section */
		26483B7C2D966816007E01D1 /* Debug */ = {
			isa = XCBuildConfiguration;
			buildSettings = {
				ALWAYS_SEARCH_USER_PATHS = NO;
				ASSETCATALOG_COMPILER_GENERATE_SWIFT_ASSET_SYMBOL_EXTENSIONS = YES;
				CLANG_ANALYZER_NONNULL = YES;
				CLANG_ANALYZER_NUMBER_OBJECT_CONVERSION = YES_AGGRESSIVE;
				CLANG_CXX_LANGUAGE_STANDARD = "gnu++20";
				CLANG_ENABLE_MODULES = YES;
				CLANG_ENABLE_OBJC_ARC = YES;
				CLANG_ENABLE_OBJC_WEAK = YES;
				CLANG_WARN_BLOCK_CAPTURE_AUTORELEASING = YES;
				CLANG_WARN_BOOL_CONVERSION = YES;
				CLANG_WARN_COMMA = YES;
				CLANG_WARN_CONSTANT_CONVERSION = YES;
				CLANG_WARN_DEPRECATED_OBJC_IMPLEMENTATIONS = YES;
				CLANG_WARN_DIRECT_OBJC_ISA_USAGE = YES_ERROR;
				CLANG_WARN_DOCUMENTATION_COMMENTS = YES;
				CLANG_WARN_EMPTY_BODY = YES;
				CLANG_WARN_ENUM_CONVERSION = YES;
				CLANG_WARN_INFINITE_RECURSION = YES;
				CLANG_WARN_INT_CONVERSION = YES;
				CLANG_WARN_NON_LITERAL_NULL_CONVERSION = YES;
				CLANG_WARN_OBJC_IMPLICIT_RETAIN_SELF = YES;
				CLANG_WARN_OBJC_LITERAL_CONVERSION = YES;
				CLANG_WARN_OBJC_ROOT_CLASS = YES_ERROR;
				CLANG_WARN_QUOTED_INCLUDE_IN_FRAMEWORK_HEADER = YES;
				CLANG_WARN_RANGE_LOOP_ANALYSIS = YES;
				CLANG_WARN_STRICT_PROTOTYPES = YES;
				CLANG_WARN_SUSPICIOUS_MOVE = YES;
				CLANG_WARN_UNGUARDED_AVAILABILITY = YES_AGGRESSIVE;
				CLANG_WARN_UNREACHABLE_CODE = YES;
				CLANG_WARN__DUPLICATE_METHOD_MATCH = YES;
				COPY_PHASE_STRIP = NO;
				DEBUG_INFORMATION_FORMAT = dwarf;
				ENABLE_STRICT_OBJC_MSGSEND = YES;
				ENABLE_TESTABILITY = YES;
				ENABLE_USER_SCRIPT_SANDBOXING = YES;
				GCC_C_LANGUAGE_STANDARD = gnu17;
				GCC_DYNAMIC_NO_PIC = NO;
				GCC_NO_COMMON_BLOCKS = YES;
				GCC_OPTIMIZATION_LEVEL = 0;
				GCC_PREPROCESSOR_DEFINITIONS = (
					"DEBUG=1",
					"$(inherited)",
				);
				GCC_WARN_64_TO_32_BIT_CONVERSION = YES;
				GCC_WARN_ABOUT_RETURN_TYPE = YES_ERROR;
				GCC_WARN_UNDECLARED_SELECTOR = YES;
				GCC_WARN_UNINITIALIZED_AUTOS = YES_AGGRESSIVE;
				GCC_WARN_UNUSED_FUNCTION = YES;
				GCC_WARN_UNUSED_VARIABLE = YES;
				LOCALIZATION_PREFERS_STRING_CATALOGS = YES;
				MACOSX_DEPLOYMENT_TARGET = 15.2;
				MTL_ENABLE_DEBUG_INFO = INCLUDE_SOURCE;
				MTL_FAST_MATH = YES;
				ONLY_ACTIVE_ARCH = YES;
				SDKROOT = macosx;
			};
			name = Debug;
		};
		26483B7D2D966816007E01D1 /* Release */ = {
			isa = XCBuildConfiguration;
			buildSettings = {
				ALWAYS_SEARCH_USER_PATHS = NO;
				ASSETCATALOG_COMPILER_GENERATE_SWIFT_ASSET_SYMBOL_EXTENSIONS = YES;
				CLANG_ANALYZER_NONNULL = YES;
				CLANG_ANALYZER_NUMBER_OBJECT_CONVERSION = YES_AGGRESSIVE;
				CLANG_CXX_LANGUAGE_STANDARD = "gnu++20";
				CLANG_ENABLE_MODULES = YES;
				CLANG_ENABLE_OBJC_ARC = YES;
				CLANG_ENABLE_OBJC_WEAK = YES;
				CLANG_WARN_BLOCK_CAPTURE_AUTORELEASING = YES;
				CLANG_WARN_BOOL_CONVERSION = YES;
				CLANG_WARN_COMMA = YES;
				CLANG_WARN_CONSTANT_CONVERSION = YES;
				CLANG_WARN_DEPRECATED_OBJC_IMPLEMENTATIONS = YES;
				CLANG_WARN_DIRECT_OBJC_ISA_USAGE = YES_ERROR;
				CLANG_WARN_DOCUMENTATION_COMMENTS = YES;
				CLANG_WARN_EMPTY_BODY = YES;
				CLANG_WARN_ENUM_CONVERSION = YES;
				CLANG_WARN_INFINITE_RECURSION = YES;
				CLANG_WARN_INT_CONVERSION = YES;
				CLANG_WARN_NON_LITERAL_NULL_CONVERSION = YES;
				CLANG_WARN_OBJC_IMPLICIT_RETAIN_SELF = YES;
				CLANG_WARN_OBJC_LITERAL_CONVERSION = YES;
				CLANG_WARN_OBJC_ROOT_CLASS = YES_ERROR;
				CLANG_WARN_QUOTED_INCLUDE_IN_FRAMEWORK_HEADER = YES;
				CLANG_WARN_RANGE_LOOP_ANALYSIS = YES;
				CLANG_WARN_STRICT_PROTOTYPES = YES;
				CLANG_WARN_SUSPICIOUS_MOVE = YES;
				CLANG_WARN_UNGUARDED_AVAILABILITY = YES_AGGRESSIVE;
				CLANG_WARN_UNREACHABLE_CODE = YES;
				CLANG_WARN__DUPLICATE_METHOD_MATCH = YES;
				COPY_PHASE_STRIP = NO;
				DEBUG_INFORMATION_FORMAT = "dwarf-with-dsym";
				ENABLE_NS_ASSERTIONS = NO;
				ENABLE_STRICT_OBJC_MSGSEND = YES;
				ENABLE_USER_SCRIPT_SANDBOXING = YES;
				GCC_C_LANGUAGE_STANDARD = gnu17;
				GCC_NO_COMMON_BLOCKS = YES;
				GCC_WARN_64_TO_32_BIT_CONVERSION = YES;
				GCC_WARN_ABOUT_RETURN_TYPE = YES_ERROR;
				GCC_WARN_UNDECLARED_SELECTOR = YES;
				GCC_WARN_UNINITIALIZED_AUTOS = YES_AGGRESSIVE;
				GCC_WARN_UNUSED_FUNCTION = YES;
				GCC_WARN_UNUSED_VARIABLE = YES;
				LOCALIZATION_PREFERS_STRING_CATALOGS = YES;
				MACOSX_DEPLOYMENT_TARGET = 15.2;
				MTL_ENABLE_DEBUG_INFO = NO;
				MTL_FAST_MATH = YES;
				SDKROOT = macosx;
			};
			name = Release;
		};
		26483B7F2D966816007E01D1 /* Debug */ = {
			isa = XCBuildConfiguration;
			buildSettings = {
				CODE_SIGN_STYLE = Automatic;
				DEVELOPMENT_TEAM = WJN2QRU4R6;
				ENABLE_HARDENED_RUNTIME = YES;
				HEADER_SEARCH_PATHS = (
					/opt/homebrew/include,
					/Users/taehosim/Dev/Study/MyOpenGL/glad/include,
					/Users/taehosim/Dev/Study/MyOpenGL,
				);
				LIBRARY_SEARCH_PATHS = (
					"$(inherited)",
					/opt/homebrew/Cellar/glfw/3.4/lib,
				);
				OTHER_CFLAGS = "-DGL_SILENCE_DEPRECATION";
				PRODUCT_NAME = "$(TARGET_NAME)";
			};
			name = Debug;
		};
		26483B802D966816007E01D1 /* Release */ = {
			isa = XCBuildConfiguration;
			buildSettings = {
				CODE_SIGN_STYLE = Automatic;
				DEVELOPMENT_TEAM = WJN2QRU4R6;
				ENABLE_HARDENED_RUNTIME = YES;
				HEADER_SEARCH_PATHS = (
					/opt/homebrew/include,
					/Users/taehosim/Dev/Study/MyOpenGL/glad/include,
					/Users/taehosim/Dev/Study/MyOpenGL,
				);
				LIBRARY_SEARCH_PATHS = (
					"$(inherited)",
					/opt/homebrew/Cellar/glfw/3.4/lib,
				);
				OTHER_CFLAGS = "-DGL_SILENCE_DEPRECATION";
				PRODUCT_NAME = "$(TARGET_NAME)";
			};
			name = Release;
		};
/* End XCBuildConfiguration section */

/* Begin XCConfigurationList section */
		26483B722D966816007E01D1 /* Build configuration list for PBXProject "MyOpenGL" */ = {
			isa = XCConfigurationList;
			buildConfigurations = (
				26483B7C2D966816007E01D1 /* Debug */,
				26483B7D2D966816007E01D1 /* Release */,
			);
			defaultConfigurationIsVisible = 0;
			defaultConfigurationName = Release;
		};
		26483B7E2D966816007E01D1 /* Build configuration list for PBXNativeTarget "MyOpenGL" */ = {
			isa = XCConfigurationList;
			buildConfigurations = (
				26483B7F2D966816007E01D1 /* Debug */,
				26483B802D966816007E01D1 /* Release */,
			);
			defaultConfigurationIsVisible = 0;
			defaultConfigurationName = Release;
		};
/* End XCConfigurationList section */
	};
	rootObject = 26483B6F2D966816007E01D1 /* Project object */;
}
